
Microsoft Visual Studio Solution File, Format Version 12.00
# Visual Studio Version 16
VisualStudioVersion = 16.0.29503.13
MinimumVisualStudioVersion = 10.0.40219.1
Project("{FAE04EC0-301F-11D3-BF4B-00C04F79EFBC}") = "IIUCManagement", "IIUCManagement\IIUCManagement.csproj", "{B09CB136-B718-4187-91AD-4A2BE386CE6A}"
EndProject
Global
	GlobalSection(SolutionConfigurationPlatforms) = preSolution
		Debug|Any CPU = Debug|Any CPU
		Release|Any CPU = Release|Any CPU
	EndGlobalSection
	GlobalSection(ProjectConfigurationPlatforms) = postSolution
		{B09CB136-B718-4187-91AD-4A2BE386CE6A}.Debug|Any CPU.ActiveCfg = Debug|Any CPU
		{B09CB136-B718-4187-91AD-4A2BE386CE6A}.Debug|Any CPU.Build.0 = Debug|Any CPU
		{B09CB136-B718-4187-91AD-4A2BE386CE6A}.Release|Any CPU.ActiveCfg = Release|Any CPU
		{B09CB136-B718-4187-91AD-4A2BE386CE6A}.Release|Any CPU.Build.0 = Release|Any CPU
	EndGlobalSection
	GlobalSection(SolutionProperties) = preSolution
		HideSolutionNode = FALSE
	EndGlobalSection
	GlobalSection(ExtensibilityGlobals) = postSolution
		SolutionGuid = {7574DBDE-AE97-4A73-89DA-FD8C7A57B4AB}
	EndGlobalSection
EndGlobal
